
Microsoft Visual Studio Solution File, Format Version 12.00
# Visual Studio 15
Project("{FAE04EC0-301F-11D3-BF4B-00C04F79EFBC}") = "Assembly-CSharp", "Assembly-CSharp.csproj", "{9A754589-BD89-1D97-062E-C3020D1D9F0E}"
EndProject
Project("{FAE04EC0-301F-11D3-BF4B-00C04F79EFBC}") = "Oculus.VR", "Oculus.VR.csproj", "{FB5CFCBA-AE76-E9DE-C1D0-95A104A3DC76}"
EndProject
Project("{FAE04EC0-301F-11D3-BF4B-00C04F79EFBC}") = "Assembly-CSharp-Editor", "Assembly-CSharp-Editor.csproj", "{FA469384-56E8-2A43-5FB9-C49D8ECB9F4E}"
EndProject
Project("{FAE04EC0-301F-11D3-BF4B-00C04F79EFBC}") = "Oculus.VR.Scripts.Editor", "Oculus.VR.Scripts.Editor.csproj", "{87E848D5-6BA7-5B18-B5E4-7EC236748593}"
EndProject
Project("{FAE04EC0-301F-11D3-BF4B-00C04F79EFBC}") = "Oculus.VR.Editor", "Oculus.VR.Editor.csproj", "{55F550FE-17C4-0452-8C4B-63E0CBAFD50B}"
EndProject
Global
	GlobalSection(SolutionConfigurationPlatforms) = preSolution
		Debug|Any CPU = Debug|Any CPU
		Release|Any CPU = Release|Any CPU
	EndGlobalSection
	GlobalSection(ProjectConfigurationPlatforms) = postSolution
		{9A754589-BD89-1D97-062E-C3020D1D9F0E}.Debug|Any CPU.ActiveCfg = Debug|Any CPU
		{9A754589-BD89-1D97-062E-C3020D1D9F0E}.Debug|Any CPU.Build.0 = Debug|Any CPU
		{9A754589-BD89-1D97-062E-C3020D1D9F0E}.Release|Any CPU.ActiveCfg = Release|Any CPU
		{9A754589-BD89-1D97-062E-C3020D1D9F0E}.Release|Any CPU.Build.0 = Release|Any CPU
		{FB5CFCBA-AE76-E9DE-C1D0-95A104A3DC76}.Debug|Any CPU.ActiveCfg = Debug|Any CPU
		{FB5CFCBA-AE76-E9DE-C1D0-95A104A3DC76}.Debug|Any CPU.Build.0 = Debug|Any CPU
		{FB5CFCBA-AE76-E9DE-C1D0-95A104A3DC76}.Release|Any CPU.ActiveCfg = Release|Any CPU
		{FB5CFCBA-AE76-E9DE-C1D0-95A104A3DC76}.Release|Any CPU.Build.0 = Release|Any CPU
		{FA469384-56E8-2A43-5FB9-C49D8ECB9F4E}.Debug|Any CPU.ActiveCfg = Debug|Any CPU
		{FA469384-56E8-2A43-5FB9-C49D8ECB9F4E}.Debug|Any CPU.Build.0 = Debug|Any CPU
		{FA469384-56E8-2A43-5FB9-C49D8ECB9F4E}.Release|Any CPU.ActiveCfg = Release|Any CPU
		{FA469384-56E8-2A43-5FB9-C49D8ECB9F4E}.Release|Any CPU.Build.0 = Release|Any CPU
		{87E848D5-6BA7-5B18-B5E4-7EC236748593}.Debug|Any CPU.ActiveCfg = Debug|Any CPU
		{87E848D5-6BA7-5B18-B5E4-7EC236748593}.Debug|Any CPU.Build.0 = Debug|Any CPU
		{87E848D5-6BA7-5B18-B5E4-7EC236748593}.Release|Any CPU.ActiveCfg = Release|Any CPU
		{87E848D5-6BA7-5B18-B5E4-7EC236748593}.Release|Any CPU.Build.0 = Release|Any CPU
		{55F550FE-17C4-0452-8C4B-63E0CBAFD50B}.Debug|Any CPU.ActiveCfg = Debug|Any CPU
		{55F550FE-17C4-0452-8C4B-63E0CBAFD50B}.Debug|Any CPU.Build.0 = Debug|Any CPU
		{55F550FE-17C4-0452-8C4B-63E0CBAFD50B}.Release|Any CPU.ActiveCfg = Release|Any CPU
		{55F550FE-17C4-0452-8C4B-63E0CBAFD50B}.Release|Any CPU.Build.0 = Release|Any CPU
	EndGlobalSection
	GlobalSection(SolutionProperties) = preSolution
		HideSolutionNode = FALSE
	EndGlobalSection
EndGlobal
